// !$*UTF8*$!
{
	archiveVersion = 1;
	classes = {
	};
	objectVersion = 56;
	objects = {

/* Begin PBXBuildFile section */
		3B34D5902A58A1B500346DAD /* AppDelegate.swift in Sources */ = {isa = PBXBuildFile; fileRef = 3B34D58F2A58A1B500346DAD /* AppDelegate.swift */; };
		3B34D5922A58A1B500346DAD /* GameScene.sks in Resources */ = {isa = PBXBuildFile; fileRef = 3B34D5912A58A1B500346DAD /* GameScene.sks */; };
		3B34D5942A58A1B500346DAD /* Actions.sks in Resources */ = {isa = PBXBuildFile; fileRef = 3B34D5932A58A1B500346DAD /* Actions.sks */; };
		3B34D5962A58A1B500346DAD /* GameScene.swift in Sources */ = {isa = PBXBuildFile; fileRef = 3B34D5952A58A1B500346DAD /* GameScene.swift */; };
		3B34D5982A58A1B500346DAD /* GameViewController.swift in Sources */ = {isa = PBXBuildFile; fileRef = 3B34D5972A58A1B500346DAD /* GameViewController.swift */; };
		3B34D59B2A58A1B500346DAD /* Main.storyboard in Resources */ = {isa = PBXBuildFile; fileRef = 3B34D5992A58A1B500346DAD /* Main.storyboard */; };
		3B34D59D2A58A1B600346DAD /* Assets.xcassets in Resources */ = {isa = PBXBuildFile; fileRef = 3B34D59C2A58A1B600346DAD /* Assets.xcassets */; };
		3B34D5A02A58A1B600346DAD /* LaunchScreen.storyboard in Resources */ = {isa = PBXBuildFile; fileRef = 3B34D59E2A58A1B600346DAD /* LaunchScreen.storyboard */; };
		3B34D5AF2A58A3CA00346DAD /* somBolhaPop.wav in Resources */ = {isa = PBXBuildFile; fileRef = 3B34D5A62A58A3CA00346DAD /* somBolhaPop.wav */; };
		3B34D5B02A58A3CA00346DAD /* barrilInimigo@2x.png in Resources */ = {isa = PBXBuildFile; fileRef = 3B34D5A72A58A3CA00346DAD /* barrilInimigo@2x.png */; };
		3B34D5B12A58A3CA00346DAD /* playerIdle@2x.png in Resources */ = {isa = PBXBuildFile; fileRef = 3B34D5A82A58A3CA00346DAD /* playerIdle@2x.png */; };
		3B34D5B22A58A3CA00346DAD /* barraOutline@2x.png in Resources */ = {isa = PBXBuildFile; fileRef = 3B34D5A92A58A3CA00346DAD /* barraOutline@2x.png */; };
		3B34D5B32A58A3CA00346DAD /* trueCrimes.ttf in Resources */ = {isa = PBXBuildFile; fileRef = 3B34D5AA2A58A3CA00346DAD /* trueCrimes.ttf */; };
		3B34D5B42A58A3CA00346DAD /* pancada.wav in Resources */ = {isa = PBXBuildFile; fileRef = 3B34D5AB2A58A3CA00346DAD /* pancada.wav */; };
		3B34D5B52A58A3CA00346DAD /* imagemFundo@2x.png in Resources */ = {isa = PBXBuildFile; fileRef = 3B34D5AC2A58A3CA00346DAD /* imagemFundo@2x.png */; };
		3B34D5B62A58A3CA00346DAD /* playerHit@2x.png in Resources */ = {isa = PBXBuildFile; fileRef = 3B34D5AD2A58A3CA00346DAD /* playerHit@2x.png */; };
		3B34D5B72A58A3CA00346DAD /* barril@2x.png in Resources */ = {isa = PBXBuildFile; fileRef = 3B34D5AE2A58A3CA00346DAD /* barril@2x.png */; };
/* End PBXBuildFile section */

/* Begin PBXFileReference section */
		3B34D58C2A58A1B500346DAD /* TimberMan.app */ = {isa = PBXFileReference; explicitFileType = wrapper.application; includeInIndex = 0; path = TimberMan.app; sourceTree = BUILT_PRODUCTS_DIR; };
		3B34D58F2A58A1B500346DAD /* AppDelegate.swift */ = {isa = PBXFileReference; lastKnownFileType = sourcecode.swift; path = AppDelegate.swift; sourceTree = "<group>"; };
		3B34D5912A58A1B500346DAD /* GameScene.sks */ = {isa = PBXFileReference; lastKnownFileType = file.sks; path = GameScene.sks; sourceTree = "<group>"; };
		3B34D5932A58A1B500346DAD /* Actions.sks */ = {isa = PBXFileReference; lastKnownFileType = file.sks; path = Actions.sks; sourceTree = "<group>"; };
		3B34D5952A58A1B500346DAD /* GameScene.swift */ = {isa = PBXFileReference; lastKnownFileType = sourcecode.swift; path = GameScene.swift; sourceTree = "<group>"; };
		3B34D5972A58A1B500346DAD /* GameViewController.swift */ = {isa = PBXFileReference; lastKnownFileType = sourcecode.swift; path = GameViewController.swift; sourceTree = "<group>"; };
		3B34D59A2A58A1B500346DAD /* Base */ = {isa = PBXFileReference; lastKnownFileType = file.storyboard; name = Base; path = Base.lproj/Main.storyboard; sourceTree = "<group>"; };
		3B34D59C2A58A1B600346DAD /* Assets.xcassets */ = {isa = PBXFileReference; lastKnownFileType = folder.assetcatalog; path = Assets.xcassets; sourceTree = "<group>"; };
		3B34D59F2A58A1B600346DAD /* Base */ = {isa = PBXFileReference; lastKnownFileType = file.storyboard; name = Base; path = Base.lproj/LaunchScreen.storyboard; sourceTree = "<group>"; };
		3B34D5A62A58A3CA00346DAD /* somBolhaPop.wav */ = {isa = PBXFileReference; lastKnownFileType = audio.wav; path = somBolhaPop.wav; sourceTree = "<group>"; };
		3B34D5A72A58A3CA00346DAD /* barrilInimigo@2x.png */ = {isa = PBXFileReference; lastKnownFileType = image.png; path = "barrilInimigo@2x.png"; sourceTree = "<group>"; };
		3B34D5A82A58A3CA00346DAD /* playerIdle@2x.png */ = {isa = PBXFileReference; lastKnownFileType = image.png; path = "playerIdle@2x.png"; sourceTree = "<group>"; };
		3B34D5A92A58A3CA00346DAD /* barraOutline@2x.png */ = {isa = PBXFileReference; lastKnownFileType = image.png; path = "barraOutline@2x.png"; sourceTree = "<group>"; };
		3B34D5AA2A58A3CA00346DAD /* trueCrimes.ttf */ = {isa = PBXFileReference; lastKnownFileType = file; path = trueCrimes.ttf; sourceTree = "<group>"; };
		3B34D5AB2A58A3CA00346DAD /* pancada.wav */ = {isa = PBXFileReference; lastKnownFileType = audio.wav; path = pancada.wav; sourceTree = "<group>"; };
		3B34D5AC2A58A3CA00346DAD /* imagemFundo@2x.png */ = {isa = PBXFileReference; lastKnownFileType = image.png; path = "imagemFundo@2x.png"; sourceTree = "<group>"; };
		3B34D5AD2A58A3CA00346DAD /* playerHit@2x.png */ = {isa = PBXFileReference; lastKnownFileType = image.png; path = "playerHit@2x.png"; sourceTree = "<group>"; };
		3B34D5AE2A58A3CA00346DAD /* barril@2x.png */ = {isa = PBXFileReference; lastKnownFileType = image.png; path = "barril@2x.png"; sourceTree = "<group>"; };
		3B34D5B82A58AA5D00346DAD /* Info.plist */ = {isa = PBXFileReference; lastKnownFileType = text.plist; path = Info.plist; sourceTree = "<group>"; };
/* End PBXFileReference section */

/* Begin PBXFrameworksBuildPhase section */
		3B34D5892A58A1B500346DAD /* Frameworks */ = {
			isa = PBXFrameworksBuildPhase;
			buildActionMask = 2147483647;
			files = (
			);
			runOnlyForDeploymentPostprocessing = 0;
		};
/* End PBXFrameworksBuildPhase section */

/* Begin PBXGroup section */
		3B34D5832A58A1B500346DAD = {
			isa = PBXGroup;
			children = (
				3B34D58E2A58A1B500346DAD /* TimberMan */,
				3B34D58D2A58A1B500346DAD /* Products */,
			);
			sourceTree = "<group>";
		};
		3B34D58D2A58A1B500346DAD /* Products */ = {
			isa = PBXGroup;
			children = (
				3B34D58C2A58A1B500346DAD /* TimberMan.app */,
			);
			name = Products;
			sourceTree = "<group>";
		};
		3B34D58E2A58A1B500346DAD /* TimberMan */ = {
			isa = PBXGroup;
			children = (
				3B34D5B82A58AA5D00346DAD /* Info.plist */,
				3B34D5A92A58A3CA00346DAD /* barraOutline@2x.png */,
				3B34D5AE2A58A3CA00346DAD /* barril@2x.png */,
				3B34D5A72A58A3CA00346DAD /* barrilInimigo@2x.png */,
				3B34D5AC2A58A3CA00346DAD /* imagemFundo@2x.png */,
				3B34D5AB2A58A3CA00346DAD /* pancada.wav */,
				3B34D5AD2A58A3CA00346DAD /* playerHit@2x.png */,
				3B34D5A82A58A3CA00346DAD /* playerIdle@2x.png */,
				3B34D5A62A58A3CA00346DAD /* somBolhaPop.wav */,
				3B34D5AA2A58A3CA00346DAD /* trueCrimes.ttf */,
				3B34D58F2A58A1B500346DAD /* AppDelegate.swift */,
				3B34D5912A58A1B500346DAD /* GameScene.sks */,
				3B34D5932A58A1B500346DAD /* Actions.sks */,
				3B34D5952A58A1B500346DAD /* GameScene.swift */,
				3B34D5972A58A1B500346DAD /* GameViewController.swift */,
				3B34D5992A58A1B500346DAD /* Main.storyboard */,
				3B34D59C2A58A1B600346DAD /* Assets.xcassets */,
				3B34D59E2A58A1B600346DAD /* LaunchScreen.storyboard */,
			);
			path = TimberMan;
			sourceTree = "<group>";
		};
/* End PBXGroup section */

/* Begin PBXNativeTarget section */
		3B34D58B2A58A1B500346DAD /* TimberMan */ = {
			isa = PBXNativeTarget;
			buildConfigurationList = 3B34D5A32A58A1B600346DAD /* Build configuration list for PBXNativeTarget "TimberMan" */;
			buildPhases = (
				3B34D5882A58A1B500346DAD /* Sources */,
				3B34D5892A58A1B500346DAD /* Frameworks */,
				3B34D58A2A58A1B500346DAD /* Resources */,
			);
			buildRules = (
			);
			dependencies = (
			);
			name = TimberMan;
			productName = TimberMan;
			productReference = 3B34D58C2A58A1B500346DAD /* TimberMan.app */;
			productType = "com.apple.product-type.application";
		};
/* End PBXNativeTarget section */

/* Begin PBXProject section */
		3B34D5842A58A1B500346DAD /* Project object */ = {
			isa = PBXProject;
			attributes = {
				BuildIndependentTargetsInParallel = 1;
				LastSwiftUpdateCheck = 1430;
				LastUpgradeCheck = 1430;
				TargetAttributes = {
					3B34D58B2A58A1B500346DAD = {
						CreatedOnToolsVersion = 14.3.1;
					};
				};
			};
			buildConfigurationList = 3B34D5872A58A1B500346DAD /* Build configuration list for PBXProject "TimberMan" */;
			compatibilityVersion = "Xcode 14.0";
			developmentRegion = en;
			hasScannedForEncodings = 0;
			knownRegions = (
				en,
				Base,
			);
			mainGroup = 3B34D5832A58A1B500346DAD;
			productRefGroup = 3B34D58D2A58A1B500346DAD /* Products */;
			projectDirPath = "";
			projectRoot = "";
			targets = (
				3B34D58B2A58A1B500346DAD /* TimberMan */,
			);
		};
/* End PBXProject section */

/* Begin PBXResourcesBuildPhase section */
		3B34D58A2A58A1B500346DAD /* Resources */ = {
			isa = PBXResourcesBuildPhase;
			buildActionMask = 2147483647;
			files = (
				3B34D59B2A58A1B500346DAD /* Main.storyboard in Resources */,
				3B34D5B12A58A3CA00346DAD /* playerIdle@2x.png in Resources */,
				3B34D5922A58A1B500346DAD /* GameScene.sks in Resources */,
				3B34D5B52A58A3CA00346DAD /* imagemFundo@2x.png in Resources */,
				3B34D5B02A58A3CA00346DAD /* barrilInimigo@2x.png in Resources */,
				3B34D5B62A58A3CA00346DAD /* playerHit@2x.png in Resources */,
				3B34D59D2A58A1B600346DAD /* Assets.xcassets in Resources */,
				3B34D5B32A58A3CA00346DAD /* trueCrimes.ttf in Resources */,
				3B34D5AF2A58A3CA00346DAD /* somBolhaPop.wav in Resources */,
				3B34D5A02A58A1B600346DAD /* LaunchScreen.storyboard in Resources */,
				3B34D5942A58A1B500346DAD /* Actions.sks in Resources */,
				3B34D5B22A58A3CA00346DAD /* barraOutline@2x.png in Resources */,
				3B34D5B72A58A3CA00346DAD /* barril@2x.png in Resources */,
				3B34D5B42A58A3CA00346DAD /* pancada.wav in Resources */,
			);
			runOnlyForDeploymentPostprocessing = 0;
		};
/* End PBXResourcesBuildPhase section */

/* Begin PBXSourcesBuildPhase section */
		3B34D5882A58A1B500346DAD /* Sources */ = {
			isa = PBXSourcesBuildPhase;
			buildActionMask = 2147483647;
			files = (
				3B34D5962A58A1B500346DAD /* GameScene.swift in Sources */,
				3B34D5982A58A1B500346DAD /* GameViewController.swift in Sources */,
				3B34D5902A58A1B500346DAD /* AppDelegate.swift in Sources */,
			);
			runOnlyForDeploymentPostprocessing = 0;
		};
/* End PBXSourcesBuildPhase section */

/* Begin PBXVariantGroup section */
		3B34D5992A58A1B500346DAD /* Main.storyboard */ = {
			isa = PBXVariantGroup;
			children = (
				3B34D59A2A58A1B500346DAD /* Base */,
			);
			name = Main.storyboard;
			sourceTree = "<group>";
		};
		3B34D59E2A58A1B600346DAD /* LaunchScreen.storyboard */ = {
			isa = PBXVariantGroup;
			children = (
				3B34D59F2A58A1B600346DAD /* Base */,
			);
			name = LaunchScreen.storyboard;
			sourceTree = "<group>";
		};
/* End PBXVariantGroup section */

/* Begin XCBuildConfiguration section */
		3B34D5A12A58A1B600346DAD /* Debug */ = {
			isa = XCBuildConfiguration;
			buildSettings = {
				ALWAYS_SEARCH_USER_PATHS = NO;
				CLANG_ANALYZER_NONNULL = YES;
				CLANG_ANALYZER_NUMBER_OBJECT_CONVERSION = YES_AGGRESSIVE;
				CLANG_CXX_LANGUAGE_STANDARD = "gnu++20";
				CLANG_ENABLE_MODULES = YES;
				CLANG_ENABLE_OBJC_ARC = YES;
				CLANG_ENABLE_OBJC_WEAK = YES;
				CLANG_WARN_BLOCK_CAPTURE_AUTORELEASING = YES;
				CLANG_WARN_BOOL_CONVERSION = YES;
				CLANG_WARN_COMMA = YES;
				CLANG_WARN_CONSTANT_CONVERSION = YES;
				CLANG_WARN_DEPRECATED_OBJC_IMPLEMENTATIONS = YES;
				CLANG_WARN_DIRECT_OBJC_ISA_USAGE = YES_ERROR;
				CLANG_WARN_DOCUMENTATION_COMMENTS = YES;
				CLANG_WARN_EMPTY_BODY = YES;
				CLANG_WARN_ENUM_CONVERSION = YES;
				CLANG_WARN_INFINITE_RECURSION = YES;
				CLANG_WARN_INT_CONVERSION = YES;
				CLANG_WARN_NON_LITERAL_NULL_CONVERSION = YES;
				CLANG_WARN_OBJC_IMPLICIT_RETAIN_SELF = YES;
				CLANG_WARN_OBJC_LITERAL_CONVERSION = YES;
				CLANG_WARN_OBJC_ROOT_CLASS = YES_ERROR;
				CLANG_WARN_QUOTED_INCLUDE_IN_FRAMEWORK_HEADER = YES;
				CLANG_WARN_RANGE_LOOP_ANALYSIS = YES;
				CLANG_WARN_STRICT_PROTOTYPES = YES;
				CLANG_WARN_SUSPICIOUS_MOVE = YES;
				CLANG_WARN_UNGUARDED_AVAILABILITY = YES_AGGRESSIVE;
				CLANG_WARN_UNREACHABLE_CODE = YES;
				CLANG_WARN__DUPLICATE_METHOD_MATCH = YES;
				COPY_PHASE_STRIP = NO;
				DEBUG_INFORMATION_FORMAT = dwarf;
				ENABLE_STRICT_OBJC_MSGSEND = YES;
				ENABLE_TESTABILITY = YES;
				GCC_C_LANGUAGE_STANDARD = gnu11;
				GCC_DYNAMIC_NO_PIC = NO;
				GCC_NO_COMMON_BLOCKS = YES;
				GCC_OPTIMIZATION_LEVEL = 0;
				GCC_PREPROCESSOR_DEFINITIONS = (
					"DEBUG=1",
					"$(inherited)",
				);
				GCC_WARN_64_TO_32_BIT_CONVERSION = YES;
				GCC_WARN_ABOUT_RETURN_TYPE = YES_ERROR;
				GCC_WARN_UNDECLARED_SELECTOR = YES;
				GCC_WARN_UNINITIALIZED_AUTOS = YES_AGGRESSIVE;
				GCC_WARN_UNUSED_FUNCTION = YES;
				GCC_WARN_UNUSED_VARIABLE = YES;
				IPHONEOS_DEPLOYMENT_TARGET = 16.4;
				MTL_ENABLE_DEBUG_INFO = INCLUDE_SOURCE;
				MTL_FAST_MATH = YES;
				ONLY_ACTIVE_ARCH = YES;
				SDKROOT = iphoneos;
				SWIFT_ACTIVE_COMPILATION_CONDITIONS = DEBUG;
				SWIFT_OPTIMIZATION_LEVEL = "-Onone";
			};
			name = Debug;
		};
		3B34D5A22A58A1B600346DAD /* Release */ = {
			isa = XCBuildConfiguration;
			buildSettings = {
				ALWAYS_SEARCH_USER_PATHS = NO;
				CLANG_ANALYZER_NONNULL = YES;
				CLANG_ANALYZER_NUMBER_OBJECT_CONVERSION = YES_AGGRESSIVE;
				CLANG_CXX_LANGUAGE_STANDARD = "gnu++20";
				CLANG_ENABLE_MODULES = YES;
				CLANG_ENABLE_OBJC_ARC = YES;
				CLANG_ENABLE_OBJC_WEAK = YES;
				CLANG_WARN_BLOCK_CAPTURE_AUTORELEASING = YES;
				CLANG_WARN_BOOL_CONVERSION = YES;
				CLANG_WARN_COMMA = YES;
				CLANG_WARN_CONSTANT_CONVERSION = YES;
				CLANG_WARN_DEPRECATED_OBJC_IMPLEMENTATIONS = YES;
				CLANG_WARN_DIRECT_OBJC_ISA_USAGE = YES_ERROR;
				CLANG_WARN_DOCUMENTATION_COMMENTS = YES;
				CLANG_WARN_EMPTY_BODY = YES;
				CLANG_WARN_ENUM_CONVERSION = YES;
				CLANG_WARN_INFINITE_RECURSION = YES;
				CLANG_WARN_INT_CONVERSION = YES;
				CLANG_WARN_NON_LITERAL_NULL_CONVERSION = YES;
				CLANG_WARN_OBJC_IMPLICIT_RETAIN_SELF = YES;
				CLANG_WARN_OBJC_LITERAL_CONVERSION = YES;
				CLANG_WARN_OBJC_ROOT_CLASS = YES_ERROR;
				CLANG_WARN_QUOTED_INCLUDE_IN_FRAMEWORK_HEADER = YES;
				CLANG_WARN_RANGE_LOOP_ANALYSIS = YES;
				CLANG_WARN_STRICT_PROTOTYPES = YES;
				CLANG_WARN_SUSPICIOUS_MOVE = YES;
				CLANG_WARN_UNGUARDED_AVAILABILITY = YES_AGGRESSIVE;
				CLANG_WARN_UNREACHABLE_CODE = YES;
				CLANG_WARN__DUPLICATE_METHOD_MATCH = YES;
				COPY_PHASE_STRIP = NO;
				DEBUG_INFORMATION_FORMAT = "dwarf-with-dsym";
				ENABLE_NS_ASSERTIONS = NO;
				ENABLE_STRICT_OBJC_MSGSEND = YES;
				GCC_C_LANGUAGE_STANDARD = gnu11;
				GCC_NO_COMMON_BLOCKS = YES;
				GCC_WARN_64_TO_32_BIT_CONVERSION = YES;
				GCC_WARN_ABOUT_RETURN_TYPE = YES_ERROR;
				GCC_WARN_UNDECLARED_SELECTOR = YES;
				GCC_WARN_UNINITIALIZED_AUTOS = YES_AGGRESSIVE;
				GCC_WARN_UNUSED_FUNCTION = YES;
				GCC_WARN_UNUSED_VARIABLE = YES;
				IPHONEOS_DEPLOYMENT_TARGET = 16.4;
				MTL_ENABLE_DEBUG_INFO = NO;
				MTL_FAST_MATH = YES;
				SDKROOT = iphoneos;
				SWIFT_COMPILATION_MODE = wholemodule;
				SWIFT_OPTIMIZATION_LEVEL = "-O";
				VALIDATE_PRODUCT = YES;
			};
			name = Release;
		};
		3B34D5A42A58A1B600346DAD /* Debug */ = {
			isa = XCBuildConfiguration;
			buildSettings = {
				ASSETCATALOG_COMPILER_APPICON_NAME = AppIcon;
				ASSETCATALOG_COMPILER_GLOBAL_ACCENT_COLOR_NAME = AccentColor;
				CODE_SIGN_STYLE = Automatic;
				CURRENT_PROJECT_VERSION = 1;
				DEVELOPMENT_TEAM = T46F5AK653;
				GENERATE_INFOPLIST_FILE = YES;
				INFOPLIST_FILE = TimberMan/Info.plist;
				INFOPLIST_KEY_UIApplicationSupportsIndirectInputEvents = YES;
				INFOPLIST_KEY_UILaunchStoryboardName = LaunchScreen;
				INFOPLIST_KEY_UIMainStoryboardFile = Main;
				INFOPLIST_KEY_UIStatusBarHidden = YES;
				INFOPLIST_KEY_UISupportedInterfaceOrientations_iPad = "UIInterfaceOrientationPortrait UIInterfaceOrientationPortraitUpsideDown UIInterfaceOrientationLandscapeLeft UIInterfaceOrientationLandscapeRight";
				INFOPLIST_KEY_UISupportedInterfaceOrientations_iPhone = "UIInterfaceOrientationPortrait UIInterfaceOrientationLandscapeLeft UIInterfaceOrientationLandscapeRight";
				LD_RUNPATH_SEARCH_PATHS = (
					"$(inherited)",
					"@executable_path/Frameworks",
				);
				MARKETING_VERSION = 1.0;
				PRODUCT_BUNDLE_IDENTIFIER = Arthur.TimberMan;
				PRODUCT_NAME = "$(TARGET_NAME)";
				SWIFT_EMIT_LOC_STRINGS = YES;
				SWIFT_VERSION = 5.0;
				TARGETED_DEVICE_FAMILY = "1,2";
			};
			name = Debug;
		};
		3B34D5A52A58A1B600346DAD /* Release */ = {
			isa = XCBuildConfiguration;
			buildSettings = {
				ASSETCATALOG_COMPILER_APPICON_NAME = AppIcon;
				ASSETCATALOG_COMPILER_GLOBAL_ACCENT_COLOR_NAME = AccentColor;
				CODE_SIGN_STYLE = Automatic;
				CURRENT_PROJECT_VERSION = 1;
				DEVELOPMENT_TEAM = T46F5AK653;
				GENERATE_INFOPLIST_FILE = YES;
				INFOPLIST_FILE = TimberMan/Info.plist;
				INFOPLIST_KEY_UIApplicationSupportsIndirectInputEvents = YES;
				INFOPLIST_KEY_UILaunchStoryboardName = LaunchScreen;
				INFOPLIST_KEY_UIMainStoryboardFile = Main;
				INFOPLIST_KEY_UIStatusBarHidden = YES;
				INFOPLIST_KEY_UISupportedInterfaceOrientations_iPad = "UIInterfaceOrientationPortrait UIInterfaceOrientationPortraitUpsideDown UIInterfaceOrientationLandscapeLeft UIInterfaceOrientationLandscapeRight";
				INFOPLIST_KEY_UISupportedInterfaceOrientations_iPhone = "UIInterfaceOrientationPortrait UIInterfaceOrientationLandscapeLeft UIInterfaceOrientationLandscapeRight";
				LD_RUNPATH_SEARCH_PATHS = (
					"$(inherited)",
					"@executable_path/Frameworks",
				);
				MARKETING_VERSION = 1.0;
				PRODUCT_BUNDLE_IDENTIFIER = Arthur.TimberMan;
				PRODUCT_NAME = "$(TARGET_NAME)";
				SWIFT_EMIT_LOC_STRINGS = YES;
				SWIFT_VERSION = 5.0;
				TARGETED_DEVICE_FAMILY = "1,2";
			};
			name = Release;
		};
/* End XCBuildConfiguration section */

/* Begin XCConfigurationList section */
		3B34D5872A58A1B500346DAD /* Build configuration list for PBXProject "TimberMan" */ = {
			isa = XCConfigurationList;
			buildConfigurations = (
				3B34D5A12A58A1B600346DAD /* Debug */,
				3B34D5A22A58A1B600346DAD /* Release */,
			);
			defaultConfigurationIsVisible = 0;
			defaultConfigurationName = Release;
		};
		3B34D5A32A58A1B600346DAD /* Build configuration list for PBXNativeTarget "TimberMan" */ = {
			isa = XCConfigurationList;
			buildConfigurations = (
				3B34D5A42A58A1B600346DAD /* Debug */,
				3B34D5A52A58A1B600346DAD /* Release */,
			);
			defaultConfigurationIsVisible = 0;
			defaultConfigurationName = Release;
		};
/* End XCConfigurationList section */
	};
	rootObject = 3B34D5842A58A1B500346DAD /* Project object */;
}
